// !$*UTF8*$!
{
	archiveVersion = 1;
	classes = {
	};
	objectVersion = 46;
	objects = {

/* Begin PBXBuildFile section */
		7F3869E31F028493006F9207 /* AppDelegate.swift in Sources */ = {isa = PBXBuildFile; fileRef = 7F3869E21F028493006F9207 /* AppDelegate.swift */; };
		7F3869E51F028493006F9207 /* ViewController.swift in Sources */ = {isa = PBXBuildFile; fileRef = 7F3869E41F028493006F9207 /* ViewController.swift */; };
		7F3869E81F028494006F9207 /* Main.storyboard in Resources */ = {isa = PBXBuildFile; fileRef = 7F3869E61F028494006F9207 /* Main.storyboard */; };
		7F3869EA1F028494006F9207 /* Assets.xcassets in Resources */ = {isa = PBXBuildFile; fileRef = 7F3869E91F028494006F9207 /* Assets.xcassets */; };
		7F3869ED1F028494006F9207 /* LaunchScreen.storyboard in Resources */ = {isa = PBXBuildFile; fileRef = 7F3869EB1F028494006F9207 /* LaunchScreen.storyboard */; };
		ADB71FC4C1DF658B5EB960AF /* Pods_AppForF.framework in Frameworks */ = {isa = PBXBuildFile; fileRef = FBD5234EEF41D9AC8C13E9E1 /* Pods_AppForF.framework */; };
/* End PBXBuildFile section */

/* Begin PBXFileReference section */
		1BB5A79EF5E59051B18F796E /* Pods-AppForF.release.xcconfig */ = {isa = PBXFileReference; includeInIndex = 1; lastKnownFileType = text.xcconfig; name = "Pods-AppForF.release.xcconfig"; path = "Pods/Target Support Files/Pods-AppForF/Pods-AppForF.release.xcconfig"; sourceTree = "<group>"; };
		7F3869DF1F028493006F9207 /* AppForF.app */ = {isa = PBXFileReference; explicitFileType = wrapper.application; includeInIndex = 0; path = AppForF.app; sourceTree = BUILT_PRODUCTS_DIR; };
		7F3869E21F028493006F9207 /* AppDelegate.swift */ = {isa = PBXFileReference; lastKnownFileType = sourcecode.swift; path = AppDelegate.swift; sourceTree = "<group>"; };
		7F3869E41F028493006F9207 /* ViewController.swift */ = {isa = PBXFileReference; lastKnownFileType = sourcecode.swift; path = ViewController.swift; sourceTree = "<group>"; };
		7F3869E71F028494006F9207 /* Base */ = {isa = PBXFileReference; lastKnownFileType = file.storyboard; name = Base; path = Base.lproj/Main.storyboard; sourceTree = "<group>"; };
		7F3869E91F028494006F9207 /* Assets.xcassets */ = {isa = PBXFileReference; lastKnownFileType = folder.assetcatalog; path = Assets.xcassets; sourceTree = "<group>"; };
		7F3869EC1F028494006F9207 /* Base */ = {isa = PBXFileReference; lastKnownFileType = file.storyboard; name = Base; path = Base.lproj/LaunchScreen.storyboard; sourceTree = "<group>"; };
		7F3869EE1F028494006F9207 /* Info.plist */ = {isa = PBXFileReference; lastKnownFileType = text.plist.xml; path = Info.plist; sourceTree = "<group>"; };
		7FACBA411F029064008B319E /* AppForF.entitlements */ = {isa = PBXFileReference; lastKnownFileType = text.plist.entitlements; path = AppForF.entitlements; sourceTree = "<group>"; };
		C106C7936B2149E910D3A832 /* Pods-AppForF.debug.xcconfig */ = {isa = PBXFileReference; includeInIndex = 1; lastKnownFileType = text.xcconfig; name = "Pods-AppForF.debug.xcconfig"; path = "Pods/Target Support Files/Pods-AppForF/Pods-AppForF.debug.xcconfig"; sourceTree = "<group>"; };
		FBD5234EEF41D9AC8C13E9E1 /* Pods_AppForF.framework */ = {isa = PBXFileReference; explicitFileType = wrapper.framework; includeInIndex = 0; path = Pods_AppForF.framework; sourceTree = BUILT_PRODUCTS_DIR; };
/* End PBXFileReference section */

/* Begin PBXFrameworksBuildPhase section */
		7F3869DC1F028493006F9207 /* Frameworks */ = {
			isa = PBXFrameworksBuildPhase;
			buildActionMask = 2147483647;
			files = (
				ADB71FC4C1DF658B5EB960AF /* Pods_AppForF.framework in Frameworks */,
			);
			runOnlyForDeploymentPostprocessing = 0;
		};
/* End PBXFrameworksBuildPhase section */

/* Begin PBXGroup section */
		4EE6B786D97A0C64790CC3F8 /* Pods */ = {
			isa = PBXGroup;
			children = (
				C106C7936B2149E910D3A832 /* Pods-AppForF.debug.xcconfig */,
				1BB5A79EF5E59051B18F796E /* Pods-AppForF.release.xcconfig */,
			);
			name = Pods;
			sourceTree = "<group>";
		};
		7F3869D61F028493006F9207 = {
			isa = PBXGroup;
			children = (
				7F3869E11F028493006F9207 /* AppForF */,
				7F3869E01F028493006F9207 /* Products */,
				4EE6B786D97A0C64790CC3F8 /* Pods */,
				B448DF38C3D5B708579A5169 /* Frameworks */,
			);
			sourceTree = "<group>";
		};
		7F3869E01F028493006F9207 /* Products */ = {
			isa = PBXGroup;
			children = (
				7F3869DF1F028493006F9207 /* AppForF.app */,
			);
			name = Products;
			sourceTree = "<group>";
		};
		7F3869E11F028493006F9207 /* AppForF */ = {
			isa = PBXGroup;
			children = (
				7FACBA411F029064008B319E /* AppForF.entitlements */,
				7F3869E21F028493006F9207 /* AppDelegate.swift */,
				7F3869E41F028493006F9207 /* ViewController.swift */,
				7F3869E61F028494006F9207 /* Main.storyboard */,
				7F3869E91F028494006F9207 /* Assets.xcassets */,
				7F3869EB1F028494006F9207 /* LaunchScreen.storyboard */,
				7F3869EE1F028494006F9207 /* Info.plist */,
			);
			path = AppForF;
			sourceTree = "<group>";
		};
		B448DF38C3D5B708579A5169 /* Frameworks */ = {
			isa = PBXGroup;
			children = (
				FBD5234EEF41D9AC8C13E9E1 /* Pods_AppForF.framework */,
			);
			name = Frameworks;
			sourceTree = "<group>";
		};
/* End PBXGroup section */

/* Begin PBXNativeTarget section */
		7F3869DE1F028493006F9207 /* AppForF */ = {
			isa = PBXNativeTarget;
			buildConfigurationList = 7F3869F11F028494006F9207 /* Build configuration list for PBXNativeTarget "AppForF" */;
			buildPhases = (
				04431A5F714DBE9BF7736FB8 /* [CP] Check Pods Manifest.lock */,
				7F3869DB1F028493006F9207 /* Sources */,
				7F3869DC1F028493006F9207 /* Frameworks */,
				7F3869DD1F028493006F9207 /* Resources */,
				3BBADD2EF3E6BE70362162BF /* [CP] Embed Pods Frameworks */,
				EA78B5AA4FC426853407212A /* [CP] Copy Pods Resources */,
			);
			buildRules = (
			);
			dependencies = (
			);
			name = AppForF;
			productName = AppForF;
			productReference = 7F3869DF1F028493006F9207 /* AppForF.app */;
			productType = "com.apple.product-type.application";
		};
/* End PBXNativeTarget section */

/* Begin PBXProject section */
		7F3869D71F028493006F9207 /* Project object */ = {
			isa = PBXProject;
			attributes = {
				LastSwiftUpdateCheck = 0830;
				LastUpgradeCheck = 0830;
				ORGANIZATIONNAME = AlexanderYakovenko;
				TargetAttributes = {
					7F3869DE1F028493006F9207 = {
						CreatedOnToolsVersion = 8.3.3;
						DevelopmentTeam = DFT9FL7J65;
						ProvisioningStyle = Automatic;
						SystemCapabilities = {
							com.apple.Keychain = {
								enabled = 1;
							};
						};
					};
				};
			};
			buildConfigurationList = 7F3869DA1F028493006F9207 /* Build configuration list for PBXProject "AppForF" */;
			compatibilityVersion = "Xcode 3.2";
			developmentRegion = English;
			hasScannedForEncodings = 0;
			knownRegions = (
				en,
				Base,
			);
			mainGroup = 7F3869D61F028493006F9207;
			productRefGroup = 7F3869E01F028493006F9207 /* Products */;
			projectDirPath = "";
			projectRoot = "";
			targets = (
				7F3869DE1F028493006F9207 /* AppForF */,
			);
		};
/* End PBXProject section */

/* Begin PBXResourcesBuildPhase section */
		7F3869DD1F028493006F9207 /* Resources */ = {
			isa = PBXResourcesBuildPhase;
			buildActionMask = 2147483647;
			files = (
				7F3869ED1F028494006F9207 /* LaunchScreen.storyboard in Resources */,
				7F3869EA1F028494006F9207 /* Assets.xcassets in Resources */,
				7F3869E81F028494006F9207 /* Main.storyboard in Resources */,
			);
			runOnlyForDeploymentPostprocessing = 0;
		};
/* End PBXResourcesBuildPhase section */

/* Begin PBXShellScriptBuildPhase section */
		04431A5F714DBE9BF7736FB8 /* [CP] Check Pods Manifest.lock */ = {
			isa = PBXShellScriptBuildPhase;
			buildActionMask = 2147483647;
			files = (
			);
			inputPaths = (
			);
			name = "[CP] Check Pods Manifest.lock";
			outputPaths = (
			);
			runOnlyForDeploymentPostprocessing = 0;
			shellPath = /bin/sh;
			shellScript = "diff \"${PODS_PODFILE_DIR_PATH}/Podfile.lock\" \"${PODS_ROOT}/Manifest.lock\" > /dev/null\nif [ $? != 0 ] ; then\n    # print error to STDERR\n    echo \"error: The sandbox is not in sync with the Podfile.lock. Run 'pod install' or update your CocoaPods installation.\" >&2\n    exit 1\nfi\n";
			showEnvVarsInLog = 0;
		};
		3BBADD2EF3E6BE70362162BF /* [CP] Embed Pods Frameworks */ = {
			isa = PBXShellScriptBuildPhase;
			buildActionMask = 2147483647;
			files = (
			);
			inputPaths = (
			);
			name = "[CP] Embed Pods Frameworks";
			outputPaths = (
			);
			runOnlyForDeploymentPostprocessing = 0;
			shellPath = /bin/sh;
			shellScript = "\"${SRCROOT}/Pods/Target Support Files/Pods-AppForF/Pods-AppForF-frameworks.sh\"\n";
			showEnvVarsInLog = 0;
		};
		EA78B5AA4FC426853407212A /* [CP] Copy Pods Resources */ = {
			isa = PBXShellScriptBuildPhase;
			buildActionMask = 2147483647;
			files = (
			);
			inputPaths = (
			);
			name = "[CP] Copy Pods Resources";
			outputPaths = (
			);
			runOnlyForDeploymentPostprocessing = 0;
			shellPath = /bin/sh;
			shellScript = "\"${SRCROOT}/Pods/Target Support Files/Pods-AppForF/Pods-AppForF-resources.sh\"\n";
			showEnvVarsInLog = 0;
		};
/* End PBXShellScriptBuildPhase section */

/* Begin PBXSourcesBuildPhase section */
		7F3869DB1F028493006F9207 /* Sources */ = {
			isa = PBXSourcesBuildPhase;
			buildActionMask = 2147483647;
			files = (
				7F3869E51F028493006F9207 /* ViewController.swift in Sources */,
				7F3869E31F028493006F9207 /* AppDelegate.swift in Sources */,
			);
			runOnlyForDeploymentPostprocessing = 0;
		};
/* End PBXSourcesBuildPhase section */

/* Begin PBXVariantGroup section */
		7F3869E61F028494006F9207 /* Main.storyboard */ = {
			isa = PBXVariantGroup;
			children = (
				7F3869E71F028494006F9207 /* Base */,
			);
			name = Main.storyboard;
			sourceTree = "<group>";
		};
		7F3869EB1F028494006F9207 /* LaunchScreen.storyboard */ = {
			isa = PBXVariantGroup;
			children = (
				7F3869EC1F028494006F9207 /* Base */,
			);
			name = LaunchScreen.storyboard;
			sourceTree = "<group>";
		};
/* End PBXVariantGroup section */

/* Begin XCBuildConfiguration section */
		7F3869EF1F028494006F9207 /* Debug */ = {
			isa = XCBuildConfiguration;
			buildSettings = {
				ALWAYS_SEARCH_USER_PATHS = NO;
				CLANG_ANALYZER_NONNULL = YES;
				CLANG_ANALYZER_NUMBER_OBJECT_CONVERSION = YES_AGGRESSIVE;
				CLANG_CXX_LANGUAGE_STANDARD = "gnu++0x";
				CLANG_CXX_LIBRARY = "libc++";
				CLANG_ENABLE_MODULES = YES;
				CLANG_ENABLE_OBJC_ARC = YES;
				CLANG_WARN_BOOL_CONVERSION = YES;
				CLANG_WARN_CONSTANT_CONVERSION = YES;
				CLANG_WARN_DIRECT_OBJC_ISA_USAGE = YES_ERROR;
				CLANG_WARN_DOCUMENTATION_COMMENTS = YES;
				CLANG_WARN_EMPTY_BODY = YES;
				CLANG_WARN_ENUM_CONVERSION = YES;
				CLANG_WARN_INFINITE_RECURSION = YES;
				CLANG_WARN_INT_CONVERSION = YES;
				CLANG_WARN_OBJC_ROOT_CLASS = YES_ERROR;
				CLANG_WARN_SUSPICIOUS_MOVE = YES;
				CLANG_WARN_UNREACHABLE_CODE = YES;
				CLANG_WARN__DUPLICATE_METHOD_MATCH = YES;
				"CODE_SIGN_IDENTITY[sdk=iphoneos*]" = "iPhone Developer";
				COPY_PHASE_STRIP = NO;
				DEBUG_INFORMATION_FORMAT = dwarf;
				ENABLE_STRICT_OBJC_MSGSEND = YES;
				ENABLE_TESTABILITY = YES;
				GCC_C_LANGUAGE_STANDARD = gnu99;
				GCC_DYNAMIC_NO_PIC = NO;
				GCC_NO_COMMON_BLOCKS = YES;
				GCC_OPTIMIZATION_LEVEL = 0;
				GCC_PREPROCESSOR_DEFINITIONS = (
					"DEBUG=1",
					"$(inherited)",
				);
				GCC_WARN_64_TO_32_BIT_CONVERSION = YES;
				GCC_WARN_ABOUT_RETURN_TYPE = YES_ERROR;
				GCC_WARN_UNDECLARED_SELECTOR = YES;
				GCC_WARN_UNINITIALIZED_AUTOS = YES_AGGRESSIVE;
				GCC_WARN_UNUSED_FUNCTION = YES;
				GCC_WARN_UNUSED_VARIABLE = YES;
				IPHONEOS_DEPLOYMENT_TARGET = 10.3;
				MTL_ENABLE_DEBUG_INFO = YES;
				ONLY_ACTIVE_ARCH = YES;
				SDKROOT = iphoneos;
				SWIFT_ACTIVE_COMPILATION_CONDITIONS = DEBUG;
				SWIFT_OPTIMIZATION_LEVEL = "-Onone";
				TARGETED_DEVICE_FAMILY = "1,2";
			};
			name = Debug;
		};
		7F3869F01F028494006F9207 /* Release */ = {
			isa = XCBuildConfiguration;
			buildSettings = {
				ALWAYS_SEARCH_USER_PATHS = NO;
				CLANG_ANALYZER_NONNULL = YES;
				CLANG_ANALYZER_NUMBER_OBJECT_CONVERSION = YES_AGGRESSIVE;
				CLANG_CXX_LANGUAGE_STANDARD = "gnu++0x";
				CLANG_CXX_LIBRARY = "libc++";
				CLANG_ENABLE_MODULES = YES;
				CLANG_ENABLE_OBJC_ARC = YES;
				CLANG_WARN_BOOL_CONVERSION = YES;
				CLANG_WARN_CONSTANT_CONVERSION = YES;
				CLANG_WARN_DIRECT_OBJC_ISA_USAGE = YES_ERROR;
				CLANG_WARN_DOCUMENTATION_COMMENTS = YES;
				CLANG_WARN_EMPTY_BODY = YES;
				CLANG_WARN_ENUM_CONVERSION = YES;
				CLANG_WARN_INFINITE_RECURSION = YES;
				CLANG_WARN_INT_CONVERSION = YES;
				CLANG_WARN_OBJC_ROOT_CLASS = YES_ERROR;
				CLANG_WARN_SUSPICIOUS_MOVE = YES;
				CLANG_WARN_UNREACHABLE_CODE = YES;
				CLANG_WARN__DUPLICATE_METHOD_MATCH = YES;
				"CODE_SIGN_IDENTITY[sdk=iphoneos*]" = "iPhone Developer";
				COPY_PHASE_STRIP = NO;
				DEBUG_INFORMATION_FORMAT = "dwarf-with-dsym";
				ENABLE_NS_ASSERTIONS = NO;
				ENABLE_STRICT_OBJC_MSGSEND = YES;
				GCC_C_LANGUAGE_STANDARD = gnu99;
				GCC_NO_COMMON_BLOCKS = YES;
				GCC_WARN_64_TO_32_BIT_CONVERSION = YES;
				GCC_WARN_ABOUT_RETURN_TYPE = YES_ERROR;
				GCC_WARN_UNDECLARED_SELECTOR = YES;
				GCC_WARN_UNINITIALIZED_AUTOS = YES_AGGRESSIVE;
				GCC_WARN_UNUSED_FUNCTION = YES;
				GCC_WARN_UNUSED_VARIABLE = YES;
				IPHONEOS_DEPLOYMENT_TARGET = 10.3;
				MTL_ENABLE_DEBUG_INFO = NO;
				SDKROOT = iphoneos;
				SWIFT_OPTIMIZATION_LEVEL = "-Owholemodule";
				TARGETED_DEVICE_FAMILY = "1,2";
				VALIDATE_PRODUCT = YES;
			};
			name = Release;
		};
		7F3869F21F028494006F9207 /* Debug */ = {
			isa = XCBuildConfiguration;
			baseConfigurationReference = C106C7936B2149E910D3A832 /* Pods-AppForF.debug.xcconfig */;
			buildSettings = {
				ASSETCATALOG_COMPILER_APPICON_NAME = AppIcon;
				CODE_SIGN_ENTITLEMENTS = AppForF/AppForF.entitlements;
				"CODE_SIGN_IDENTITY[sdk=iphoneos*]" = "iPhone Developer";
				DEVELOPMENT_TEAM = DFT9FL7J65;
				INFOPLIST_FILE = AppForF/Info.plist;
				LD_RUNPATH_SEARCH_PATHS = "$(inherited) @executable_path/Frameworks";
				PRODUCT_BUNDLE_IDENTIFIER = Alex.AppForF;
				PRODUCT_NAME = "$(TARGET_NAME)";
				PROVISIONING_PROFILE_SPECIFIER = "";
				SWIFT_VERSION = 3.0;
			};
			name = Debug;
		};
		7F3869F31F028494006F9207 /* Release */ = {
			isa = XCBuildConfiguration;
			baseConfigurationReference = 1BB5A79EF5E59051B18F796E /* Pods-AppForF.release.xcconfig */;
			buildSettings = {
				ASSETCATALOG_COMPILER_APPICON_NAME = AppIcon;
				CODE_SIGN_ENTITLEMENTS = AppForF/AppForF.entitlements;
				"CODE_SIGN_IDENTITY[sdk=iphoneos*]" = "iPhone Developer";
				DEVELOPMENT_TEAM = DFT9FL7J65;
				INFOPLIST_FILE = AppForF/Info.plist;
				LD_RUNPATH_SEARCH_PATHS = "$(inherited) @executable_path/Frameworks";
				PRODUCT_BUNDLE_IDENTIFIER = Alex.AppForF;
				PRODUCT_NAME = "$(TARGET_NAME)";
				PROVISIONING_PROFILE_SPECIFIER = "";
				SWIFT_VERSION = 3.0;
			};
			name = Release;
		};
/* End XCBuildConfiguration section */

/* Begin XCConfigurationList section */
		7F3869DA1F028493006F9207 /* Build configuration list for PBXProject "AppForF" */ = {
			isa = XCConfigurationList;
			buildConfigurations = (
				7F3869EF1F028494006F9207 /* Debug */,
				7F3869F01F028494006F9207 /* Release */,
			);
			defaultConfigurationIsVisible = 0;
			defaultConfigurationName = Release;
		};
		7F3869F11F028494006F9207 /* Build configuration list for PBXNativeTarget "AppForF" */ = {
			isa = XCConfigurationList;
			buildConfigurations = (
				7F3869F21F028494006F9207 /* Debug */,
				7F3869F31F028494006F9207 /* Release */,
			);
			defaultConfigurationIsVisible = 0;
			defaultConfigurationName = Release;
		};
/* End XCConfigurationList section */
	};
	rootObject = 7F3869D71F028493006F9207 /* Project object */;
}
